
Microsoft Visual Studio Solution File, Format Version 12.00
# Visual Studio Version 17
VisualStudioVersion = 17.0.31912.275
MinimumVisualStudioVersion = 10.0.40219.1
Project("{FAE04EC0-301F-11D3-BF4B-00C04F79EFBC}") = "GenerateJsonTableSchema", "GenerateJsonTableSchema.csproj", "{4C230885-B0C8-4241-8BF4-C65BAE8F9C17}"
EndProject
Global
	GlobalSection(SolutionConfigurationPlatforms) = preSolution
		Debug|Any CPU = Debug|Any CPU
		Release|Any CPU = Release|Any CPU
	EndGlobalSection
	GlobalSection(ProjectConfigurationPlatforms) = postSolution
		{4C230885-B0C8-4241-8BF4-C65BAE8F9C17}.Debug|Any CPU.ActiveCfg = Debug|Any CPU
		{4C230885-B0C8-4241-8BF4-C65BAE8F9C17}.Debug|Any CPU.Build.0 = Debug|Any CPU
		{4C230885-B0C8-4241-8BF4-C65BAE8F9C17}.Release|Any CPU.ActiveCfg = Release|Any CPU
		{4C230885-B0C8-4241-8BF4-C65BAE8F9C17}.Release|Any CPU.Build.0 = Release|Any CPU
	EndGlobalSection
	GlobalSection(SolutionProperties) = preSolution
		HideSolutionNode = FALSE
	EndGlobalSection
	GlobalSection(ExtensibilityGlobals) = postSolution
		SolutionGuid = {D5D0D21C-C74C-43D8-8C05-43DCE8C663B2}
	EndGlobalSection
EndGlobal
